
Microsoft Visual Studio Solution File, Format Version 12.00
# Visual Studio Version 16
VisualStudioVersion = 16.0.29215.179
MinimumVisualStudioVersion = 10.0.40219.1
Project("{FAE04EC0-301F-11D3-BF4B-00C04F79EFBC}") = "CMP", "CMP\CMP.csproj", "{D52C2D4A-8C38-4AEE-808B-B2A9380AD8B3}"
EndProject
Global
	GlobalSection(SolutionConfigurationPlatforms) = preSolution
		Debug|Any CPU = Debug|Any CPU
		Release|Any CPU = Release|Any CPU
	EndGlobalSection
	GlobalSection(ProjectConfigurationPlatforms) = postSolution
		{D52C2D4A-8C38-4AEE-808B-B2A9380AD8B3}.Debug|Any CPU.ActiveCfg = Debug|Any CPU
		{D52C2D4A-8C38-4AEE-808B-B2A9380AD8B3}.Debug|Any CPU.Build.0 = Debug|Any CPU
		{D52C2D4A-8C38-4AEE-808B-B2A9380AD8B3}.Release|Any CPU.ActiveCfg = Release|Any CPU
		{D52C2D4A-8C38-4AEE-808B-B2A9380AD8B3}.Release|Any CPU.Build.0 = Release|Any CPU
	EndGlobalSection
	GlobalSection(SolutionProperties) = preSolution
		HideSolutionNode = FALSE
	EndGlobalSection
	GlobalSection(ExtensibilityGlobals) = postSolution
		SolutionGuid = {4AE64B66-4607-4D19-A9B5-B71A14242672}
	EndGlobalSection
EndGlobal
